
Microsoft Visual Studio Solution File, Format Version 12.00
# Visual Studio Version 16
VisualStudioVersion = 16.0.31205.134
MinimumVisualStudioVersion = 10.0.40219.1
Project("{8BC9CEB8-8B4A-11D0-8D11-00A0C91BC942}") = "2022_10_23 memset函数", "2022_10_23 memset函数.vcxproj", "{BC342764-C12E-4016-BF00-2A1D030FCB22}"
EndProject
Global
	GlobalSection(SolutionConfigurationPlatforms) = preSolution
		Debug|x64 = Debug|x64
		Debug|x86 = Debug|x86
		Release|x64 = Release|x64
		Release|x86 = Release|x86
	EndGlobalSection
	GlobalSection(ProjectConfigurationPlatforms) = postSolution
		{BC342764-C12E-4016-BF00-2A1D030FCB22}.Debug|x64.ActiveCfg = Debug|x64
		{BC342764-C12E-4016-BF00-2A1D030FCB22}.Debug|x64.Build.0 = Debug|x64
		{BC342764-C12E-4016-BF00-2A1D030FCB22}.Debug|x86.ActiveCfg = Debug|Win32
		{BC342764-C12E-4016-BF00-2A1D030FCB22}.Debug|x86.Build.0 = Debug|Win32
		{BC342764-C12E-4016-BF00-2A1D030FCB22}.Release|x64.ActiveCfg = Release|x64
		{BC342764-C12E-4016-BF00-2A1D030FCB22}.Release|x64.Build.0 = Release|x64
		{BC342764-C12E-4016-BF00-2A1D030FCB22}.Release|x86.ActiveCfg = Release|Win32
		{BC342764-C12E-4016-BF00-2A1D030FCB22}.Release|x86.Build.0 = Release|Win32
	EndGlobalSection
	GlobalSection(SolutionProperties) = preSolution
		HideSolutionNode = FALSE
	EndGlobalSection
	GlobalSection(ExtensibilityGlobals) = postSolution
		SolutionGuid = {A6A6A2D6-DF51-4525-B568-7D0C1EBA72D4}
	EndGlobalSection
EndGlobal
